// !$*UTF8*$!
{
	archiveVersion = 1;
	classes = {
	};
	objectVersion = 46;
	objects = {

/* Begin PBXBuildFile section */
		092354B313A1D7EB00DA740F /* CFNetwork.framework in Frameworks */ = {isa = PBXBuildFile; fileRef = 092354B213A1D7EB00DA740F /* CFNetwork.framework */; };
		092354B513A1D7F000DA740F /* SystemConfiguration.framework in Frameworks */ = {isa = PBXBuildFile; fileRef = 092354B413A1D7F000DA740F /* SystemConfiguration.framework */; };
		092354B713A1D83C00DA740F /* MobileCoreServices.framework in Frameworks */ = {isa = PBXBuildFile; fileRef = 092354B613A1D83C00DA740F /* MobileCoreServices.framework */; };
		094ACA0014367ACD008398F8 /* Parse.framework in Frameworks */ = {isa = PBXBuildFile; fileRef = 094AC9FF14367ACD008398F8 /* Parse.framework */; };
		095ACE8613C68EA300566243 /* AudioToolbox.framework in Frameworks */ = {isa = PBXBuildFile; fileRef = 095ACE8513C68EA300566243 /* AudioToolbox.framework */; };
		099CCEAD13F9E3760039A464 /* libz.1.1.3.dylib in Frameworks */ = {isa = PBXBuildFile; fileRef = 099CCEAC13F9E3760039A464 /* libz.1.1.3.dylib */; };
		09ABC07213A1D52D009C3FCF /* UIKit.framework in Frameworks */ = {isa = PBXBuildFile; fileRef = 09ABC07113A1D52D009C3FCF /* UIKit.framework */; };
		09ABC07413A1D52D009C3FCF /* Foundation.framework in Frameworks */ = {isa = PBXBuildFile; fileRef = 09ABC07313A1D52D009C3FCF /* Foundation.framework */; };
		09BEF34C13D51C3F001BBCDB /* Security.framework in Frameworks */ = {isa = PBXBuildFile; fileRef = 09BEF34B13D51C3F001BBCDB /* Security.framework */; };
		2FCDD6B014A573F500295AAC /* QuartzCore.framework in Frameworks */ = {isa = PBXBuildFile; fileRef = 2FCDD6AF14A573F500295AAC /* QuartzCore.framework */; };
		4998650515BF305000803E05 /* StoreKit.framework in Frameworks */ = {isa = PBXBuildFile; fileRef = 4998650415BF305000803E05 /* StoreKit.framework */; };
		4A12099116A9D69000A7259B /* SBSAgendaTableViewController.m in Sources */ = {isa = PBXBuildFile; fileRef = 4A12099016A9D69000A7259B /* SBSAgendaTableViewController.m */; };
		4A1966A116A086910011EFBF /* SBSNewsLetterTableViewController.m in Sources */ = {isa = PBXBuildFile; fileRef = 4A1966A016A086910011EFBF /* SBSNewsLetterTableViewController.m */; };
		4A1966A816A08DAE0011EFBF /* SBSNewsLetterViewController.m in Sources */ = {isa = PBXBuildFile; fileRef = 4A1966A716A08DAE0011EFBF /* SBSNewsLetterViewController.m */; };
		4A3B996016A0830600241D4C /* MainWindow.xib in Resources */ = {isa = PBXBuildFile; fileRef = 4A3B995F16A0830600241D4C /* MainWindow.xib */; };
		4A3F5B5916A87BB9005F742E /* NSUserDefaults+SBS.m in Sources */ = {isa = PBXBuildFile; fileRef = 4A3F5B5816A87BB9005F742E /* NSUserDefaults+SBS.m */; };
		4A4EA04B16A34CA400F12406 /* Settings.bundle in Resources */ = {isa = PBXBuildFile; fileRef = 4A4EA04A16A34CA400F12406 /* Settings.bundle */; };
		4A4EA05916A35B1F00F12406 /* SBSStaffViewController.m in Sources */ = {isa = PBXBuildFile; fileRef = 4A4EA05716A35B1F00F12406 /* SBSStaffViewController.m */; };
		4A71D3AD16A152A800A11C80 /* SBSContactTableViewController.m in Sources */ = {isa = PBXBuildFile; fileRef = 4A71D3AC16A152A800A11C80 /* SBSContactTableViewController.m */; };
		4A71D3B616A155D100A11C80 /* SBSInfoViewController.m in Sources */ = {isa = PBXBuildFile; fileRef = 4A71D3B516A155D100A11C80 /* SBSInfoViewController.m */; };
		4A71D3C416A15C6B00A11C80 /* Default-Landscape@2x~ipad.png in Resources */ = {isa = PBXBuildFile; fileRef = 4A71D3C016A15C6B00A11C80 /* Default-Landscape@2x~ipad.png */; };
		4A71D3C516A15C6B00A11C80 /* Default-Landscape~ipad.png in Resources */ = {isa = PBXBuildFile; fileRef = 4A71D3C116A15C6B00A11C80 /* Default-Landscape~ipad.png */; };
		4A71D3C616A15C6B00A11C80 /* Default-Portrait@2x~ipad.png in Resources */ = {isa = PBXBuildFile; fileRef = 4A71D3C216A15C6B00A11C80 /* Default-Portrait@2x~ipad.png */; };
		4A71D3C716A15C6B00A11C80 /* Default-Portrait~ipad.png in Resources */ = {isa = PBXBuildFile; fileRef = 4A71D3C316A15C6B00A11C80 /* Default-Portrait~ipad.png */; };
		4A71D3CC16A15CDF00A11C80 /* Icon-72.png in Resources */ = {isa = PBXBuildFile; fileRef = 4A71D3C816A15CDF00A11C80 /* Icon-72.png */; };
		4A71D3CD16A15CDF00A11C80 /* Icon-144.png in Resources */ = {isa = PBXBuildFile; fileRef = 4A71D3C916A15CDF00A11C80 /* Icon-144.png */; };
		4A71D3CE16A15CDF00A11C80 /* Icon.png in Resources */ = {isa = PBXBuildFile; fileRef = 4A71D3CA16A15CDF00A11C80 /* Icon.png */; };
		4A71D3CF16A15CDF00A11C80 /* Icon@2x.png in Resources */ = {isa = PBXBuildFile; fileRef = 4A71D3CB16A15CDF00A11C80 /* Icon@2x.png */; };
		4A71D3DA16A3123F00A11C80 /* MessageUI.framework in Frameworks */ = {isa = PBXBuildFile; fileRef = 4A71D3D916A3123F00A11C80 /* MessageUI.framework */; };
		4AB22B7416A73851001BA435 /* libTestFlight.a in Frameworks */ = {isa = PBXBuildFile; fileRef = 4AB22B7016A73851001BA435 /* libTestFlight.a */; };
		4AB22B7516A73851001BA435 /* README.md in Resources */ = {isa = PBXBuildFile; fileRef = 4AB22B7116A73851001BA435 /* README.md */; };
		4AB22B7616A73851001BA435 /* release_notes.md in Resources */ = {isa = PBXBuildFile; fileRef = 4AB22B7216A73851001BA435 /* release_notes.md */; };
		4AC3F7F616A0AF2600452D33 /* Localizable.strings in Resources */ = {isa = PBXBuildFile; fileRef = 4AC3F7F816A0AF2600452D33 /* Localizable.strings */; };
		4AC3F7FC16A0AFBB00452D33 /* InfoPlist.strings in Resources */ = {isa = PBXBuildFile; fileRef = 4AC3F7FE16A0AFBB00452D33 /* InfoPlist.strings */; };
		4AD1809B16A57FBE00B97F61 /* SBSStaffViewController.xib in Resources */ = {isa = PBXBuildFile; fileRef = 4AD1809A16A57FBE00B97F61 /* SBSStaffViewController.xib */; };
		4AD180C816A5919600B97F61 /* 237-key.png in Resources */ = {isa = PBXBuildFile; fileRef = 4AD180C416A5919600B97F61 /* 237-key.png */; };
		4AD180C916A5919600B97F61 /* 237-key@2x.png in Resources */ = {isa = PBXBuildFile; fileRef = 4AD180C516A5919600B97F61 /* 237-key@2x.png */; };
		4AD180CA16A5919600B97F61 /* 275-broadcast.png in Resources */ = {isa = PBXBuildFile; fileRef = 4AD180C616A5919600B97F61 /* 275-broadcast.png */; };
		4AD180CB16A5919600B97F61 /* 275-broadcast@2x.png in Resources */ = {isa = PBXBuildFile; fileRef = 4AD180C716A5919600B97F61 /* 275-broadcast@2x.png */; };
		4AD180CF16A591A900B97F61 /* 287-at.png in Resources */ = {isa = PBXBuildFile; fileRef = 4AD180CD16A591A900B97F61 /* 287-at.png */; };
		4AD180D016A591A900B97F61 /* 287-at@2x.png in Resources */ = {isa = PBXBuildFile; fileRef = 4AD180CE16A591A900B97F61 /* 287-at@2x.png */; };
		4AD180D316A5920000B97F61 /* 162-receipt.png in Resources */ = {isa = PBXBuildFile; fileRef = 4AD180D116A5920000B97F61 /* 162-receipt.png */; };
		4AD180D416A5920000B97F61 /* 162-receipt@2x.png in Resources */ = {isa = PBXBuildFile; fileRef = 4AD180D216A5920000B97F61 /* 162-receipt@2x.png */; };
		4AD180D716A5922800B97F61 /* 123-id-card.png in Resources */ = {isa = PBXBuildFile; fileRef = 4AD180D516A5922800B97F61 /* 123-id-card.png */; };
		4AD180D816A5922800B97F61 /* 123-id-card@2x.png in Resources */ = {isa = PBXBuildFile; fileRef = 4AD180D616A5922800B97F61 /* 123-id-card@2x.png */; };
		4AD180DF16A5929A00B97F61 /* 259-list.png in Resources */ = {isa = PBXBuildFile; fileRef = 4AD180DD16A5929A00B97F61 /* 259-list.png */; };
		4AD180E016A5929A00B97F61 /* 259-list@2x.png in Resources */ = {isa = PBXBuildFile; fileRef = 4AD180DE16A5929A00B97F61 /* 259-list@2x.png */; };
		4ADC932E16A0050600DAA972 /* SBSSebastiaanSchoolAppDelegate.m in Sources */ = {isa = PBXBuildFile; fileRef = 4ADC931E16A0050600DAA972 /* SBSSebastiaanSchoolAppDelegate.m */; };
		4ADC932F16A0050600DAA972 /* SBSBulletinViewController.m in Sources */ = {isa = PBXBuildFile; fileRef = 4ADC932016A0050600DAA972 /* SBSBulletinViewController.m */; };
		4ADC933016A0050600DAA972 /* Default-568h@2x.png in Resources */ = {isa = PBXBuildFile; fileRef = 4ADC932216A0050600DAA972 /* Default-568h@2x.png */; };
		4ADC933116A0050600DAA972 /* Default.png in Resources */ = {isa = PBXBuildFile; fileRef = 4ADC932316A0050600DAA972 /* Default.png */; };
		4ADC933216A0050600DAA972 /* Default@2x.png in Resources */ = {isa = PBXBuildFile; fileRef = 4ADC932416A0050600DAA972 /* Default@2x.png */; };
		4ADC933B16A0063700DAA972 /* main.m in Sources */ = {isa = PBXBuildFile; fileRef = 4ADC933A16A0063700DAA972 /* main.m */; };
		4ADC935716A00CBF00DAA972 /* GeneratedConstants.m in Sources */ = {isa = PBXBuildFile; fileRef = 4ADC935616A00CBF00DAA972 /* GeneratedConstants.m */; };
		4ADFE4E816A0A36100EDAD2A /* SBSStyle.m in Sources */ = {isa = PBXBuildFile; fileRef = 4ADFE4E716A0A36100EDAD2A /* SBSStyle.m */; };
		4AF4A0B316A86DA600493C20 /* provisiontype in Resources */ = {isa = PBXBuildFile; fileRef = 4AF4A0B216A86DA600493C20 /* provisiontype */; };
		6332375415E438E900AE2736 /* libsqlite3.dylib in Frameworks */ = {isa = PBXBuildFile; fileRef = 6332375315E438E900AE2736 /* libsqlite3.dylib */; };
		6372FF531613CC3C002132AF /* Accounts.framework in Frameworks */ = {isa = PBXBuildFile; fileRef = 6372FF521613CC3C002132AF /* Accounts.framework */; settings = {ATTRIBUTES = (Weak, ); }; };
		6372FF561613CC42002132AF /* Social.framework in Frameworks */ = {isa = PBXBuildFile; fileRef = 6372FF551613CC42002132AF /* Social.framework */; settings = {ATTRIBUTES = (Weak, ); }; };
		6372FF581613CC47002132AF /* AdSupport.framework in Frameworks */ = {isa = PBXBuildFile; fileRef = 6372FF571613CC47002132AF /* AdSupport.framework */; settings = {ATTRIBUTES = (Weak, ); }; };
		743D7B6D157DA60100084B67 /* CoreGraphics.framework in Frameworks */ = {isa = PBXBuildFile; fileRef = 743D7B6C157DA60100084B67 /* CoreGraphics.framework */; };
		97E18B1F1624CB5700B17A67 /* CoreLocation.framework in Frameworks */ = {isa = PBXBuildFile; fileRef = 97E18B1E1624CB5700B17A67 /* CoreLocation.framework */; };
/* End PBXBuildFile section */

/* Begin PBXFileReference section */
		092354B213A1D7EB00DA740F /* CFNetwork.framework */ = {isa = PBXFileReference; lastKnownFileType = wrapper.framework; name = CFNetwork.framework; path = System/Library/Frameworks/CFNetwork.framework; sourceTree = SDKROOT; };
		092354B413A1D7F000DA740F /* SystemConfiguration.framework */ = {isa = PBXFileReference; lastKnownFileType = wrapper.framework; name = SystemConfiguration.framework; path = System/Library/Frameworks/SystemConfiguration.framework; sourceTree = SDKROOT; };
		092354B613A1D83C00DA740F /* MobileCoreServices.framework */ = {isa = PBXFileReference; lastKnownFileType = wrapper.framework; name = MobileCoreServices.framework; path = System/Library/Frameworks/MobileCoreServices.framework; sourceTree = SDKROOT; };
		094AC9FF14367ACD008398F8 /* Parse.framework */ = {isa = PBXFileReference; lastKnownFileType = wrapper.framework; path = Parse.framework; sourceTree = "<group>"; };
		095ACE8513C68EA300566243 /* AudioToolbox.framework */ = {isa = PBXFileReference; lastKnownFileType = wrapper.framework; name = AudioToolbox.framework; path = System/Library/Frameworks/AudioToolbox.framework; sourceTree = SDKROOT; };
		099CCEAC13F9E3760039A464 /* libz.1.1.3.dylib */ = {isa = PBXFileReference; lastKnownFileType = "compiled.mach-o.dylib"; name = libz.1.1.3.dylib; path = usr/lib/libz.1.1.3.dylib; sourceTree = SDKROOT; };
		09ABC06D13A1D52D009C3FCF /* SebastiaanSchool.app */ = {isa = PBXFileReference; explicitFileType = wrapper.application; includeInIndex = 0; path = SebastiaanSchool.app; sourceTree = BUILT_PRODUCTS_DIR; };
		09ABC07113A1D52D009C3FCF /* UIKit.framework */ = {isa = PBXFileReference; lastKnownFileType = wrapper.framework; name = UIKit.framework; path = System/Library/Frameworks/UIKit.framework; sourceTree = SDKROOT; };
		09ABC07313A1D52D009C3FCF /* Foundation.framework */ = {isa = PBXFileReference; lastKnownFileType = wrapper.framework; name = Foundation.framework; path = System/Library/Frameworks/Foundation.framework; sourceTree = SDKROOT; };
		09BEF34B13D51C3F001BBCDB /* Security.framework */ = {isa = PBXFileReference; lastKnownFileType = wrapper.framework; name = Security.framework; path = System/Library/Frameworks/Security.framework; sourceTree = SDKROOT; };
		2FCDD6AF14A573F500295AAC /* QuartzCore.framework */ = {isa = PBXFileReference; lastKnownFileType = wrapper.framework; name = QuartzCore.framework; path = System/Library/Frameworks/QuartzCore.framework; sourceTree = SDKROOT; };
		4998650415BF305000803E05 /* StoreKit.framework */ = {isa = PBXFileReference; lastKnownFileType = wrapper.framework; name = StoreKit.framework; path = System/Library/Frameworks/StoreKit.framework; sourceTree = SDKROOT; };
		4A12098F16A9D69000A7259B /* SBSAgendaTableViewController.h */ = {isa = PBXFileReference; fileEncoding = 4; lastKnownFileType = sourcecode.c.h; path = SBSAgendaTableViewController.h; sourceTree = "<group>"; };
		4A12099016A9D69000A7259B /* SBSAgendaTableViewController.m */ = {isa = PBXFileReference; fileEncoding = 4; lastKnownFileType = sourcecode.c.objc; path = SBSAgendaTableViewController.m; sourceTree = "<group>"; };
		4A15DA9616A0AE4200D8EB86 /* SebastiaanSchool-Info.plist */ = {isa = PBXFileReference; lastKnownFileType = text.plist.xml; path = "SebastiaanSchool-Info.plist"; sourceTree = "<group>"; };
		4A19669F16A086910011EFBF /* SBSNewsLetterTableViewController.h */ = {isa = PBXFileReference; fileEncoding = 4; lastKnownFileType = sourcecode.c.h; path = SBSNewsLetterTableViewController.h; sourceTree = "<group>"; };
		4A1966A016A086910011EFBF /* SBSNewsLetterTableViewController.m */ = {isa = PBXFileReference; fileEncoding = 4; lastKnownFileType = sourcecode.c.objc; lineEnding = 0; path = SBSNewsLetterTableViewController.m; sourceTree = "<group>"; xcLanguageSpecificationIdentifier = xcode.lang.objc; };
		4A1966A616A08DAE0011EFBF /* SBSNewsLetterViewController.h */ = {isa = PBXFileReference; fileEncoding = 4; lastKnownFileType = sourcecode.c.h; path = SBSNewsLetterViewController.h; sourceTree = "<group>"; };
		4A1966A716A08DAE0011EFBF /* SBSNewsLetterViewController.m */ = {isa = PBXFileReference; fileEncoding = 4; lastKnownFileType = sourcecode.c.objc; path = SBSNewsLetterViewController.m; sourceTree = "<group>"; };
		4A3B995B16A0781900241D4C /* SebastiaanSchool.entitlements */ = {isa = PBXFileReference; lastKnownFileType = text.xml; path = SebastiaanSchool.entitlements; sourceTree = "<group>"; };
		4A3B995F16A0830600241D4C /* MainWindow.xib */ = {isa = PBXFileReference; fileEncoding = 4; lastKnownFileType = file.xib; path = MainWindow.xib; sourceTree = "<group>"; };
		4A3F5B5716A87BB9005F742E /* NSUserDefaults+SBS.h */ = {isa = PBXFileReference; fileEncoding = 4; lastKnownFileType = sourcecode.c.h; path = "NSUserDefaults+SBS.h"; sourceTree = "<group>"; };
		4A3F5B5816A87BB9005F742E /* NSUserDefaults+SBS.m */ = {isa = PBXFileReference; fileEncoding = 4; lastKnownFileType = sourcecode.c.objc; path = "NSUserDefaults+SBS.m"; sourceTree = "<group>"; };
		4A4EA04A16A34CA400F12406 /* Settings.bundle */ = {isa = PBXFileReference; lastKnownFileType = "wrapper.plug-in"; path = Settings.bundle; sourceTree = "<group>"; };
		4A4EA05616A35B1F00F12406 /* SBSStaffViewController.h */ = {isa = PBXFileReference; fileEncoding = 4; lastKnownFileType = sourcecode.c.h; path = SBSStaffViewController.h; sourceTree = "<group>"; };
		4A4EA05716A35B1F00F12406 /* SBSStaffViewController.m */ = {isa = PBXFileReference; fileEncoding = 4; lastKnownFileType = sourcecode.c.objc; path = SBSStaffViewController.m; sourceTree = "<group>"; };
		4A71D3AB16A152A800A11C80 /* SBSContactTableViewController.h */ = {isa = PBXFileReference; fileEncoding = 4; lastKnownFileType = sourcecode.c.h; path = SBSContactTableViewController.h; sourceTree = "<group>"; };
		4A71D3AC16A152A800A11C80 /* SBSContactTableViewController.m */ = {isa = PBXFileReference; fileEncoding = 4; lastKnownFileType = sourcecode.c.objc; path = SBSContactTableViewController.m; sourceTree = "<group>"; };
		4A71D3B416A155D100A11C80 /* SBSInfoViewController.h */ = {isa = PBXFileReference; fileEncoding = 4; lastKnownFileType = sourcecode.c.h; path = SBSInfoViewController.h; sourceTree = "<group>"; };
		4A71D3B516A155D100A11C80 /* SBSInfoViewController.m */ = {isa = PBXFileReference; fileEncoding = 4; lastKnownFileType = sourcecode.c.objc; path = SBSInfoViewController.m; sourceTree = "<group>"; };
		4A71D3C016A15C6B00A11C80 /* Default-Landscape@2x~ipad.png */ = {isa = PBXFileReference; lastKnownFileType = image.png; path = "Default-Landscape@2x~ipad.png"; sourceTree = "<group>"; };
		4A71D3C116A15C6B00A11C80 /* Default-Landscape~ipad.png */ = {isa = PBXFileReference; lastKnownFileType = image.png; path = "Default-Landscape~ipad.png"; sourceTree = "<group>"; };
		4A71D3C216A15C6B00A11C80 /* Default-Portrait@2x~ipad.png */ = {isa = PBXFileReference; lastKnownFileType = image.png; path = "Default-Portrait@2x~ipad.png"; sourceTree = "<group>"; };
		4A71D3C316A15C6B00A11C80 /* Default-Portrait~ipad.png */ = {isa = PBXFileReference; lastKnownFileType = image.png; path = "Default-Portrait~ipad.png"; sourceTree = "<group>"; };
		4A71D3C816A15CDF00A11C80 /* Icon-72.png */ = {isa = PBXFileReference; lastKnownFileType = image.png; name = "Icon-72.png"; path = "Resources/Icon-72.png"; sourceTree = "<group>"; };
		4A71D3C916A15CDF00A11C80 /* Icon-144.png */ = {isa = PBXFileReference; lastKnownFileType = image.png; name = "Icon-144.png"; path = "Resources/Icon-144.png"; sourceTree = "<group>"; };
		4A71D3CA16A15CDF00A11C80 /* Icon.png */ = {isa = PBXFileReference; lastKnownFileType = image.png; name = Icon.png; path = Resources/Icon.png; sourceTree = "<group>"; };
		4A71D3CB16A15CDF00A11C80 /* Icon@2x.png */ = {isa = PBXFileReference; lastKnownFileType = image.png; name = "Icon@2x.png"; path = "Resources/Icon@2x.png"; sourceTree = "<group>"; };
		4A71D3D916A3123F00A11C80 /* MessageUI.framework */ = {isa = PBXFileReference; lastKnownFileType = wrapper.framework; name = MessageUI.framework; path = System/Library/Frameworks/MessageUI.framework; sourceTree = SDKROOT; };
		4AB22B7016A73851001BA435 /* libTestFlight.a */ = {isa = PBXFileReference; lastKnownFileType = archive.ar; path = libTestFlight.a; sourceTree = "<group>"; };
		4AB22B7116A73851001BA435 /* README.md */ = {isa = PBXFileReference; fileEncoding = 4; lastKnownFileType = text; path = README.md; sourceTree = "<group>"; };
		4AB22B7216A73851001BA435 /* release_notes.md */ = {isa = PBXFileReference; fileEncoding = 4; lastKnownFileType = text; path = release_notes.md; sourceTree = "<group>"; };
		4AB22B7316A73851001BA435 /* TestFlight.h */ = {isa = PBXFileReference; fileEncoding = 4; lastKnownFileType = sourcecode.c.h; path = TestFlight.h; sourceTree = "<group>"; };
		4AC3F7F716A0AF2600452D33 /* nl */ = {isa = PBXFileReference; lastKnownFileType = text.plist.strings; name = nl; path = nl.lproj/Localizable.strings; sourceTree = "<group>"; };
		4AC3F7F916A0AF3800452D33 /* en */ = {isa = PBXFileReference; lastKnownFileType = text.plist.strings; name = en; path = en.lproj/Localizable.strings; sourceTree = "<group>"; };
		4AC3F7FD16A0AFBB00452D33 /* en */ = {isa = PBXFileReference; lastKnownFileType = text.plist.strings; name = en; path = en.lproj/InfoPlist.strings; sourceTree = "<group>"; };
		4AC3F7FF16A0AFBF00452D33 /* nl */ = {isa = PBXFileReference; lastKnownFileType = text.plist.strings; name = nl; path = nl.lproj/InfoPlist.strings; sourceTree = "<group>"; };
		4AD1809A16A57FBE00B97F61 /* SBSStaffViewController.xib */ = {isa = PBXFileReference; fileEncoding = 4; lastKnownFileType = file.xib; path = SBSStaffViewController.xib; sourceTree = "<group>"; };
		4AD180C416A5919600B97F61 /* 237-key.png */ = {isa = PBXFileReference; lastKnownFileType = image.png; path = "237-key.png"; sourceTree = "<group>"; };
		4AD180C516A5919600B97F61 /* 237-key@2x.png */ = {isa = PBXFileReference; lastKnownFileType = image.png; path = "237-key@2x.png"; sourceTree = "<group>"; };
		4AD180C616A5919600B97F61 /* 275-broadcast.png */ = {isa = PBXFileReference; lastKnownFileType = image.png; path = "275-broadcast.png"; sourceTree = "<group>"; };
		4AD180C716A5919600B97F61 /* 275-broadcast@2x.png */ = {isa = PBXFileReference; lastKnownFileType = image.png; path = "275-broadcast@2x.png"; sourceTree = "<group>"; };
		4AD180CD16A591A900B97F61 /* 287-at.png */ = {isa = PBXFileReference; lastKnownFileType = image.png; path = "287-at.png"; sourceTree = "<group>"; };
		4AD180CE16A591A900B97F61 /* 287-at@2x.png */ = {isa = PBXFileReference; lastKnownFileType = image.png; path = "287-at@2x.png"; sourceTree = "<group>"; };
		4AD180D116A5920000B97F61 /* 162-receipt.png */ = {isa = PBXFileReference; lastKnownFileType = image.png; path = "162-receipt.png"; sourceTree = "<group>"; };
		4AD180D216A5920000B97F61 /* 162-receipt@2x.png */ = {isa = PBXFileReference; lastKnownFileType = image.png; path = "162-receipt@2x.png"; sourceTree = "<group>"; };
		4AD180D516A5922800B97F61 /* 123-id-card.png */ = {isa = PBXFileReference; lastKnownFileType = image.png; path = "123-id-card.png"; sourceTree = "<group>"; };
		4AD180D616A5922800B97F61 /* 123-id-card@2x.png */ = {isa = PBXFileReference; lastKnownFileType = image.png; path = "123-id-card@2x.png"; sourceTree = "<group>"; };
		4AD180DD16A5929A00B97F61 /* 259-list.png */ = {isa = PBXFileReference; lastKnownFileType = image.png; path = "259-list.png"; sourceTree = "<group>"; };
		4AD180DE16A5929A00B97F61 /* 259-list@2x.png */ = {isa = PBXFileReference; lastKnownFileType = image.png; path = "259-list@2x.png"; sourceTree = "<group>"; };
		4ADC931E16A0050600DAA972 /* SBSSebastiaanSchoolAppDelegate.m */ = {isa = PBXFileReference; fileEncoding = 4; lastKnownFileType = sourcecode.c.objc; lineEnding = 0; path = SBSSebastiaanSchoolAppDelegate.m; sourceTree = "<group>"; xcLanguageSpecificationIdentifier = xcode.lang.objc; };
		4ADC931F16A0050600DAA972 /* SBSBulletinViewController.h */ = {isa = PBXFileReference; fileEncoding = 4; lastKnownFileType = sourcecode.c.h; path = SBSBulletinViewController.h; sourceTree = "<group>"; };
		4ADC932016A0050600DAA972 /* SBSBulletinViewController.m */ = {isa = PBXFileReference; fileEncoding = 4; lastKnownFileType = sourcecode.c.objc; path = SBSBulletinViewController.m; sourceTree = "<group>"; };
		4ADC932216A0050600DAA972 /* Default-568h@2x.png */ = {isa = PBXFileReference; lastKnownFileType = image.png; path = "Default-568h@2x.png"; sourceTree = "<group>"; };
		4ADC932316A0050600DAA972 /* Default.png */ = {isa = PBXFileReference; lastKnownFileType = image.png; path = Default.png; sourceTree = "<group>"; };
		4ADC932416A0050600DAA972 /* Default@2x.png */ = {isa = PBXFileReference; lastKnownFileType = image.png; path = "Default@2x.png"; sourceTree = "<group>"; };
		4ADC933916A0063000DAA972 /* SBSSebastiaanSchool-Prefix.pch */ = {isa = PBXFileReference; lastKnownFileType = sourcecode.c.h; path = "SBSSebastiaanSchool-Prefix.pch"; sourceTree = "<group>"; };
		4ADC933A16A0063700DAA972 /* main.m */ = {isa = PBXFileReference; fileEncoding = 4; lastKnownFileType = sourcecode.c.objc; path = main.m; sourceTree = "<group>"; };
		4ADC934916A00B4300DAA972 /* generate-constants */ = {isa = PBXFileReference; fileEncoding = 4; lastKnownFileType = text.script.sh; path = "generate-constants"; sourceTree = "<group>"; };
		4ADC934B16A00B8700DAA972 /* GeneratedConstants.h */ = {isa = PBXFileReference; fileEncoding = 4; lastKnownFileType = sourcecode.c.h; path = GeneratedConstants.h; sourceTree = "<group>"; };
		4ADC935616A00CBF00DAA972 /* GeneratedConstants.m */ = {isa = PBXFileReference; fileEncoding = 4; lastKnownFileType = sourcecode.c.objc; name = GeneratedConstants.m; path = "derived-sources/GeneratedConstants.m"; sourceTree = SOURCE_ROOT; };
		4ADC935C16A0121B00DAA972 /* setEnv-Example.sh */ = {isa = PBXFileReference; lastKnownFileType = text.script.sh; path = "setEnv-Example.sh"; sourceTree = "<group>"; };
		4ADC935E16A012C000DAA972 /* setEnv.sh */ = {isa = PBXFileReference; fileEncoding = 4; lastKnownFileType = text.script.sh; path = setEnv.sh; sourceTree = "<group>"; };
		4ADC937B16A0283B00DAA972 /* SBSSebastiaanSchoolAppDelegate.h */ = {isa = PBXFileReference; fileEncoding = 4; lastKnownFileType = sourcecode.c.h; path = SBSSebastiaanSchoolAppDelegate.h; sourceTree = "<group>"; };
		4ADFE4E616A0A36100EDAD2A /* SBSStyle.h */ = {isa = PBXFileReference; fileEncoding = 4; lastKnownFileType = sourcecode.c.h; path = SBSStyle.h; sourceTree = "<group>"; };
		4ADFE4E716A0A36100EDAD2A /* SBSStyle.m */ = {isa = PBXFileReference; fileEncoding = 4; lastKnownFileType = sourcecode.c.objc; path = SBSStyle.m; sourceTree = "<group>"; };
		4AF4A0B216A86DA600493C20 /* provisiontype */ = {isa = PBXFileReference; fileEncoding = 4; lastKnownFileType = text.script.sh; path = provisiontype; sourceTree = "<group>"; };
		6332375315E438E900AE2736 /* libsqlite3.dylib */ = {isa = PBXFileReference; lastKnownFileType = "compiled.mach-o.dylib"; name = libsqlite3.dylib; path = usr/lib/libsqlite3.dylib; sourceTree = SDKROOT; };
		6372FF521613CC3C002132AF /* Accounts.framework */ = {isa = PBXFileReference; lastKnownFileType = wrapper.framework; name = Accounts.framework; path = System/Library/Frameworks/Accounts.framework; sourceTree = SDKROOT; };
		6372FF551613CC42002132AF /* Social.framework */ = {isa = PBXFileReference; lastKnownFileType = wrapper.framework; name = Social.framework; path = System/Library/Frameworks/Social.framework; sourceTree = SDKROOT; };
		6372FF571613CC47002132AF /* AdSupport.framework */ = {isa = PBXFileReference; lastKnownFileType = wrapper.framework; name = AdSupport.framework; path = System/Library/Frameworks/AdSupport.framework; sourceTree = SDKROOT; };
		743D7B6C157DA60100084B67 /* CoreGraphics.framework */ = {isa = PBXFileReference; lastKnownFileType = wrapper.framework; name = CoreGraphics.framework; path = System/Library/Frameworks/CoreGraphics.framework; sourceTree = SDKROOT; };
		97E18B1E1624CB5700B17A67 /* CoreLocation.framework */ = {isa = PBXFileReference; lastKnownFileType = wrapper.framework; name = CoreLocation.framework; path = System/Library/Frameworks/CoreLocation.framework; sourceTree = SDKROOT; };
/* End PBXFileReference section */

/* Begin PBXFrameworksBuildPhase section */
		09ABC06A13A1D52D009C3FCF /* Frameworks */ = {
			isa = PBXFrameworksBuildPhase;
			buildActionMask = 2147483647;
			files = (
				4A71D3DA16A3123F00A11C80 /* MessageUI.framework in Frameworks */,
				97E18B1F1624CB5700B17A67 /* CoreLocation.framework in Frameworks */,
				6372FF581613CC47002132AF /* AdSupport.framework in Frameworks */,
				6372FF561613CC42002132AF /* Social.framework in Frameworks */,
				6372FF531613CC3C002132AF /* Accounts.framework in Frameworks */,
				6332375415E438E900AE2736 /* libsqlite3.dylib in Frameworks */,
				4998650515BF305000803E05 /* StoreKit.framework in Frameworks */,
				743D7B6D157DA60100084B67 /* CoreGraphics.framework in Frameworks */,
				2FCDD6B014A573F500295AAC /* QuartzCore.framework in Frameworks */,
				099CCEAD13F9E3760039A464 /* libz.1.1.3.dylib in Frameworks */,
				09BEF34C13D51C3F001BBCDB /* Security.framework in Frameworks */,
				095ACE8613C68EA300566243 /* AudioToolbox.framework in Frameworks */,
				092354B713A1D83C00DA740F /* MobileCoreServices.framework in Frameworks */,
				092354B513A1D7F000DA740F /* SystemConfiguration.framework in Frameworks */,
				092354B313A1D7EB00DA740F /* CFNetwork.framework in Frameworks */,
				09ABC07213A1D52D009C3FCF /* UIKit.framework in Frameworks */,
				09ABC07413A1D52D009C3FCF /* Foundation.framework in Frameworks */,
				094ACA0014367ACD008398F8 /* Parse.framework in Frameworks */,
				4AB22B7416A73851001BA435 /* libTestFlight.a in Frameworks */,
			);
			runOnlyForDeploymentPostprocessing = 0;
		};
/* End PBXFrameworksBuildPhase section */

/* Begin PBXGroup section */
		09ABC06213A1D52D009C3FCF = {
			isa = PBXGroup;
			children = (
				4A3B995B16A0781900241D4C /* SebastiaanSchool.entitlements */,
				4A15DA9616A0AE4200D8EB86 /* SebastiaanSchool-Info.plist */,
				4A71D3CA16A15CDF00A11C80 /* Icon.png */,
				4A71D3C816A15CDF00A11C80 /* Icon-72.png */,
				4A71D3CB16A15CDF00A11C80 /* Icon@2x.png */,
				4A71D3C916A15CDF00A11C80 /* Icon-144.png */,
				4AC3F7FE16A0AFBB00452D33 /* InfoPlist.strings */,
				4ADC934816A00B4300DAA972 /* bin */,
				4ADC933A16A0063700DAA972 /* main.m */,
				4ADC933916A0063000DAA972 /* SBSSebastiaanSchool-Prefix.pch */,
				4ADC934B16A00B8700DAA972 /* GeneratedConstants.h */,
				4ADC935616A00CBF00DAA972 /* GeneratedConstants.m */,
				4ADC931916A0050600DAA972 /* Classes */,
				4ADC932116A0050600DAA972 /* Resources */,
				09ABC07013A1D52D009C3FCF /* Frameworks */,
				09ABC06E13A1D52D009C3FCF /* Products */,
			);
			sourceTree = "<group>";
		};
		09ABC06E13A1D52D009C3FCF /* Products */ = {
			isa = PBXGroup;
			children = (
				09ABC06D13A1D52D009C3FCF /* SebastiaanSchool.app */,
			);
			name = Products;
			sourceTree = "<group>";
		};
		09ABC07013A1D52D009C3FCF /* Frameworks */ = {
			isa = PBXGroup;
			children = (
				4A71D3D916A3123F00A11C80 /* MessageUI.framework */,
				4AB22B6F16A73851001BA435 /* TestFlightSDK1 */,
				6372FF571613CC47002132AF /* AdSupport.framework */,
				6372FF551613CC42002132AF /* Social.framework */,
				6372FF521613CC3C002132AF /* Accounts.framework */,
				095ACE8513C68EA300566243 /* AudioToolbox.framework */,
				092354B213A1D7EB00DA740F /* CFNetwork.framework */,
				743D7B6C157DA60100084B67 /* CoreGraphics.framework */,
				97E18B1E1624CB5700B17A67 /* CoreLocation.framework */,
				09ABC07313A1D52D009C3FCF /* Foundation.framework */,
				6332375315E438E900AE2736 /* libsqlite3.dylib */,
				099CCEAC13F9E3760039A464 /* libz.1.1.3.dylib */,
				092354B613A1D83C00DA740F /* MobileCoreServices.framework */,
				094AC9FF14367ACD008398F8 /* Parse.framework */,
				2FCDD6AF14A573F500295AAC /* QuartzCore.framework */,
				09BEF34B13D51C3F001BBCDB /* Security.framework */,
				4998650415BF305000803E05 /* StoreKit.framework */,
				092354B413A1D7F000DA740F /* SystemConfiguration.framework */,
				09ABC07113A1D52D009C3FCF /* UIKit.framework */,
			);
			name = Frameworks;
			sourceTree = "<group>";
		};
		4AB22B6F16A73851001BA435 /* TestFlightSDK1 */ = {
			isa = PBXGroup;
			children = (
				4AB22B7016A73851001BA435 /* libTestFlight.a */,
				4AB22B7116A73851001BA435 /* README.md */,
				4AB22B7216A73851001BA435 /* release_notes.md */,
				4AB22B7316A73851001BA435 /* TestFlight.h */,
			);
			path = TestFlightSDK1;
			sourceTree = "<group>";
		};
		4ADC931916A0050600DAA972 /* Classes */ = {
			isa = PBXGroup;
			children = (
				4ADC937B16A0283B00DAA972 /* SBSSebastiaanSchoolAppDelegate.h */,
				4ADC931E16A0050600DAA972 /* SBSSebastiaanSchoolAppDelegate.m */,
				4A3F5B5716A87BB9005F742E /* NSUserDefaults+SBS.h */,
				4A3F5B5816A87BB9005F742E /* NSUserDefaults+SBS.m */,
				4ADC931F16A0050600DAA972 /* SBSBulletinViewController.h */,
				4ADC932016A0050600DAA972 /* SBSBulletinViewController.m */,
				4A19669F16A086910011EFBF /* SBSNewsLetterTableViewController.h */,
				4A1966A016A086910011EFBF /* SBSNewsLetterTableViewController.m */,
				4A1966A616A08DAE0011EFBF /* SBSNewsLetterViewController.h */,
				4A1966A716A08DAE0011EFBF /* SBSNewsLetterViewController.m */,
				4ADFE4E616A0A36100EDAD2A /* SBSStyle.h */,
				4ADFE4E716A0A36100EDAD2A /* SBSStyle.m */,
				4A71D3AB16A152A800A11C80 /* SBSContactTableViewController.h */,
				4A71D3AC16A152A800A11C80 /* SBSContactTableViewController.m */,
				4A12098F16A9D69000A7259B /* SBSAgendaTableViewController.h */,
				4A12099016A9D69000A7259B /* SBSAgendaTableViewController.m */,
				4A71D3B416A155D100A11C80 /* SBSInfoViewController.h */,
				4A71D3B516A155D100A11C80 /* SBSInfoViewController.m */,
				4A4EA05616A35B1F00F12406 /* SBSStaffViewController.h */,
				4A4EA05716A35B1F00F12406 /* SBSStaffViewController.m */,
			);
			path = Classes;
			sourceTree = "<group>";
		};
		4ADC932116A0050600DAA972 /* Resources */ = {
			isa = PBXGroup;
			children = (
				4AD180D516A5922800B97F61 /* 123-id-card.png */,
				4AD180D616A5922800B97F61 /* 123-id-card@2x.png */,
				4AD180D116A5920000B97F61 /* 162-receipt.png */,
				4AD180D216A5920000B97F61 /* 162-receipt@2x.png */,
				4AD180C416A5919600B97F61 /* 237-key.png */,
				4AD180C516A5919600B97F61 /* 237-key@2x.png */,
				4AD180DD16A5929A00B97F61 /* 259-list.png */,
				4AD180DE16A5929A00B97F61 /* 259-list@2x.png */,
				4AD180C616A5919600B97F61 /* 275-broadcast.png */,
				4AD180C716A5919600B97F61 /* 275-broadcast@2x.png */,
				4AD180CD16A591A900B97F61 /* 287-at.png */,
				4AD180CE16A591A900B97F61 /* 287-at@2x.png */,
				4A3B995F16A0830600241D4C /* MainWindow.xib */,
				4AD1809A16A57FBE00B97F61 /* SBSStaffViewController.xib */,
				4ADC932216A0050600DAA972 /* Default-568h@2x.png */,
				4ADC932316A0050600DAA972 /* Default.png */,
				4ADC932416A0050600DAA972 /* Default@2x.png */,
				4A71D3C016A15C6B00A11C80 /* Default-Landscape@2x~ipad.png */,
				4A71D3C116A15C6B00A11C80 /* Default-Landscape~ipad.png */,
				4A71D3C216A15C6B00A11C80 /* Default-Portrait@2x~ipad.png */,
				4A71D3C316A15C6B00A11C80 /* Default-Portrait~ipad.png */,
				4AC3F7F816A0AF2600452D33 /* Localizable.strings */,
				4A4EA04A16A34CA400F12406 /* Settings.bundle */,
			);
			path = Resources;
			sourceTree = "<group>";
		};
		4ADC934816A00B4300DAA972 /* bin */ = {
			isa = PBXGroup;
			children = (
				4AF4A0B216A86DA600493C20 /* provisiontype */,
				4ADC934916A00B4300DAA972 /* generate-constants */,
				4ADC935C16A0121B00DAA972 /* setEnv-Example.sh */,
				4ADC935E16A012C000DAA972 /* setEnv.sh */,
			);
			path = bin;
			sourceTree = "<group>";
		};
/* End PBXGroup section */

/* Begin PBXNativeTarget section */
		09ABC06C13A1D52D009C3FCF /* SebastiaanSchool */ = {
			isa = PBXNativeTarget;
			buildConfigurationList = 09ABC08E13A1D52E009C3FCF /* Build configuration list for PBXNativeTarget "SebastiaanSchool" */;
			buildPhases = (
				4ADC934716A00A5300DAA972 /* Generate configuration */,
				09ABC06913A1D52D009C3FCF /* Sources */,
				09ABC06A13A1D52D009C3FCF /* Frameworks */,
				09ABC06B13A1D52D009C3FCF /* Resources */,
			);
			buildRules = (
			);
			dependencies = (
			);
			name = SebastiaanSchool;
			productName = SebastiaanSchool;
			productReference = 09ABC06D13A1D52D009C3FCF /* SebastiaanSchool.app */;
			productType = "com.apple.product-type.application";
		};
/* End PBXNativeTarget section */

/* Begin PBXProject section */
		09ABC06413A1D52D009C3FCF /* Project object */ = {
			isa = PBXProject;
			attributes = {
				LastUpgradeCheck = 0430;
			};
			buildConfigurationList = 09ABC06713A1D52D009C3FCF /* Build configuration list for PBXProject "SebastiaanSchool" */;
			compatibilityVersion = "Xcode 3.2";
			developmentRegion = English;
			hasScannedForEncodings = 0;
			knownRegions = (
				en,
				Base,
				nl,
			);
			mainGroup = 09ABC06213A1D52D009C3FCF;
			productRefGroup = 09ABC06E13A1D52D009C3FCF /* Products */;
			projectDirPath = "";
			projectRoot = "";
			targets = (
				09ABC06C13A1D52D009C3FCF /* SebastiaanSchool */,
			);
		};
/* End PBXProject section */

/* Begin PBXResourcesBuildPhase section */
		09ABC06B13A1D52D009C3FCF /* Resources */ = {
			isa = PBXResourcesBuildPhase;
			buildActionMask = 2147483647;
			files = (
				4ADC933016A0050600DAA972 /* Default-568h@2x.png in Resources */,
				4ADC933116A0050600DAA972 /* Default.png in Resources */,
				4ADC933216A0050600DAA972 /* Default@2x.png in Resources */,
				4A3B996016A0830600241D4C /* MainWindow.xib in Resources */,
				4AC3F7F616A0AF2600452D33 /* Localizable.strings in Resources */,
				4AC3F7FC16A0AFBB00452D33 /* InfoPlist.strings in Resources */,
				4A71D3C416A15C6B00A11C80 /* Default-Landscape@2x~ipad.png in Resources */,
				4A71D3C516A15C6B00A11C80 /* Default-Landscape~ipad.png in Resources */,
				4A71D3C616A15C6B00A11C80 /* Default-Portrait@2x~ipad.png in Resources */,
				4A71D3C716A15C6B00A11C80 /* Default-Portrait~ipad.png in Resources */,
				4A71D3CC16A15CDF00A11C80 /* Icon-72.png in Resources */,
				4A71D3CD16A15CDF00A11C80 /* Icon-144.png in Resources */,
				4A71D3CE16A15CDF00A11C80 /* Icon.png in Resources */,
				4A71D3CF16A15CDF00A11C80 /* Icon@2x.png in Resources */,
				4A4EA04B16A34CA400F12406 /* Settings.bundle in Resources */,
				4AD1809B16A57FBE00B97F61 /* SBSStaffViewController.xib in Resources */,
				4AD180C816A5919600B97F61 /* 237-key.png in Resources */,
				4AD180C916A5919600B97F61 /* 237-key@2x.png in Resources */,
				4AD180CA16A5919600B97F61 /* 275-broadcast.png in Resources */,
				4AD180CB16A5919600B97F61 /* 275-broadcast@2x.png in Resources */,
				4AD180CF16A591A900B97F61 /* 287-at.png in Resources */,
				4AD180D016A591A900B97F61 /* 287-at@2x.png in Resources */,
				4AD180D316A5920000B97F61 /* 162-receipt.png in Resources */,
				4AD180D416A5920000B97F61 /* 162-receipt@2x.png in Resources */,
				4AD180D716A5922800B97F61 /* 123-id-card.png in Resources */,
				4AD180D816A5922800B97F61 /* 123-id-card@2x.png in Resources */,
				4AD180DF16A5929A00B97F61 /* 259-list.png in Resources */,
				4AD180E016A5929A00B97F61 /* 259-list@2x.png in Resources */,
				4AB22B7516A73851001BA435 /* README.md in Resources */,
				4AB22B7616A73851001BA435 /* release_notes.md in Resources */,
				4AF4A0B316A86DA600493C20 /* provisiontype in Resources */,
			);
			runOnlyForDeploymentPostprocessing = 0;
		};
/* End PBXResourcesBuildPhase section */

/* Begin PBXShellScriptBuildPhase section */
		4ADC934716A00A5300DAA972 /* Generate configuration */ = {
			isa = PBXShellScriptBuildPhase;
			buildActionMask = 2147483647;
			files = (
			);
			inputPaths = (
			);
			name = "Generate configuration";
			outputPaths = (
			);
			runOnlyForDeploymentPostprocessing = 0;
			shellPath = /bin/sh;
			shellScript = "set -e\n\nif [ ! -L \"${PROJECT_DIR}/derived-sources\" ]\nthen\naction=\"Create\"\nelif [ \"$(readlink \"${PROJECT_DIR}/derived-sources\")\" != \"${DERIVED_SOURCES_DIR}\" ]\nthen\naction=\"Replace\"\nfi\nif [ -n \"${action}\" ]\nthen\nrm -f \"${PROJECT_DIR}/derived-sources\"\nprintf \"%s link: \" \"${action}\" && ln -sv \"${DERIVED_SOURCES_DIR}\" \"${PROJECT_DIR}/derived-sources\"\nfi\n\necho \"Generating constants based on build configuration.\"\nmkdir -p \"${DERIVED_SOURCES_DIR}\"\n\"${PROJECT_DIR}/bin/generate-constants\" \\\n\"${CODESIGN_IDENTITY}\" \\\n\"${PROVISIONING_PROFILE_REQUIRED}\" \\\n\"${PROVISIONING_PROFILE}\" > \"${DERIVED_SOURCES_DIR}/GeneratedConstants.m\"\n";
		};
/* End PBXShellScriptBuildPhase section */

/* Begin PBXSourcesBuildPhase section */
		09ABC06913A1D52D009C3FCF /* Sources */ = {
			isa = PBXSourcesBuildPhase;
			buildActionMask = 2147483647;
			files = (
				4ADC932E16A0050600DAA972 /* SBSSebastiaanSchoolAppDelegate.m in Sources */,
				4ADC932F16A0050600DAA972 /* SBSBulletinViewController.m in Sources */,
				4ADC933B16A0063700DAA972 /* main.m in Sources */,
				4ADC935716A00CBF00DAA972 /* GeneratedConstants.m in Sources */,
				4A1966A116A086910011EFBF /* SBSNewsLetterTableViewController.m in Sources */,
				4A1966A816A08DAE0011EFBF /* SBSNewsLetterViewController.m in Sources */,
				4ADFE4E816A0A36100EDAD2A /* SBSStyle.m in Sources */,
				4A71D3AD16A152A800A11C80 /* SBSContactTableViewController.m in Sources */,
				4A71D3B616A155D100A11C80 /* SBSInfoViewController.m in Sources */,
				4A4EA05916A35B1F00F12406 /* SBSStaffViewController.m in Sources */,
				4A3F5B5916A87BB9005F742E /* NSUserDefaults+SBS.m in Sources */,
				4A12099116A9D69000A7259B /* SBSAgendaTableViewController.m in Sources */,
			);
			runOnlyForDeploymentPostprocessing = 0;
		};
/* End PBXSourcesBuildPhase section */

/* Begin PBXVariantGroup section */
		4AC3F7F816A0AF2600452D33 /* Localizable.strings */ = {
			isa = PBXVariantGroup;
			children = (
				4AC3F7F716A0AF2600452D33 /* nl */,
				4AC3F7F916A0AF3800452D33 /* en */,
			);
			name = Localizable.strings;
			sourceTree = SOURCE_ROOT;
		};
		4AC3F7FE16A0AFBB00452D33 /* InfoPlist.strings */ = {
			isa = PBXVariantGroup;
			children = (
				4AC3F7FD16A0AFBB00452D33 /* en */,
				4AC3F7FF16A0AFBF00452D33 /* nl */,
			);
			name = InfoPlist.strings;
			sourceTree = "<group>";
		};
/* End PBXVariantGroup section */

/* Begin XCBuildConfiguration section */
		09ABC08C13A1D52E009C3FCF /* Debug */ = {
			isa = XCBuildConfiguration;
			buildSettings = {
				ARCHS = "$(ARCHS_STANDARD_32_BIT)";
				CLANG_ANALYZER_SECURITY_FLOATLOOPCOUNTER = YES;
				CODE_SIGN_IDENTITY = "iPhone Developer";
				"CODE_SIGN_IDENTITY[sdk=iphoneos*]" = "iPhone Developer";
				GCC_C_LANGUAGE_STANDARD = gnu99;
				GCC_OPTIMIZATION_LEVEL = 0;
				GCC_PREPROCESSOR_DEFINITIONS = DEBUG;
				GCC_SYMBOLS_PRIVATE_EXTERN = NO;
				GCC_VERSION = com.apple.compilers.llvm.clang.1_0;
				GCC_WARN_ABOUT_RETURN_TYPE = YES;
				GCC_WARN_UNUSED_VARIABLE = YES;
				IPHONEOS_DEPLOYMENT_TARGET = 5.0;
				PROVISIONING_PROFILE = "";
				"PROVISIONING_PROFILE[sdk=iphoneos*]" = "";
				SDKROOT = iphoneos;
			};
			name = Debug;
		};
		09ABC08D13A1D52E009C3FCF /* Release */ = {
			isa = XCBuildConfiguration;
			buildSettings = {
				ARCHS = "$(ARCHS_STANDARD_32_BIT)";
				CLANG_ANALYZER_SECURITY_FLOATLOOPCOUNTER = YES;
				CODE_SIGN_IDENTITY = "iPhone Distribution: Jeroen Leenarts";
				"CODE_SIGN_IDENTITY[sdk=iphoneos*]" = "iPhone Distribution: Jeroen Leenarts";
				GCC_C_LANGUAGE_STANDARD = gnu99;
				GCC_VERSION = com.apple.compilers.llvm.clang.1_0;
				GCC_WARN_ABOUT_RETURN_TYPE = YES;
				GCC_WARN_UNUSED_VARIABLE = YES;
				IPHONEOS_DEPLOYMENT_TARGET = 5.0;
				OTHER_CFLAGS = "-DNS_BLOCK_ASSERTIONS=1";
				PROVISIONING_PROFILE = "95672DDB-798A-402F-B20C-8F5DB0EEA484";
				"PROVISIONING_PROFILE[sdk=iphoneos*]" = "95672DDB-798A-402F-B20C-8F5DB0EEA484";
				SDKROOT = iphoneos;
			};
			name = Release;
		};
		09ABC08F13A1D52E009C3FCF /* Debug */ = {
			isa = XCBuildConfiguration;
			buildSettings = {
				ALWAYS_SEARCH_USER_PATHS = NO;
				CLANG_ENABLE_OBJC_ARC = YES;
				CODE_SIGN_IDENTITY = "iPhone Developer: Jeroen Leenarts (6RTNT4ZKCC)";
				COPY_PHASE_STRIP = NO;
				CURRENT_PROJECT_VERSION = 1;
				FRAMEWORK_SEARCH_PATHS = (
					"$(inherited)",
					"\"$(SRCROOT)\"",
				);
				GCC_DYNAMIC_NO_PIC = NO;
				GCC_PRECOMPILE_PREFIX_HEADER = YES;
				GCC_PREFIX_HEADER = "SBSSebastiaanSchool-Prefix.pch";
				GCC_VERSION = com.apple.compilers.llvm.clang.1_0;
				INFOPLIST_FILE = "SebastiaanSchool-Info.plist";
				IPHONEOS_DEPLOYMENT_TARGET = 6.0;
				LIBRARY_SEARCH_PATHS = (
					"$(inherited)",
					"\"$(SRCROOT)/TestFlightSDK1\"",
				);
				PRODUCT_NAME = "$(TARGET_NAME)";
				PROVISIONING_PROFILE = "E9934323-B340-40C3-BFF2-4B719EE025BD";
				TARGETED_DEVICE_FAMILY = "1,2";
				WRAPPER_EXTENSION = app;
			};
			name = Debug;
		};
		09ABC09013A1D52E009C3FCF /* Release */ = {
			isa = XCBuildConfiguration;
			buildSettings = {
				ALWAYS_SEARCH_USER_PATHS = NO;
				CLANG_ENABLE_OBJC_ARC = YES;
				COPY_PHASE_STRIP = YES;
				CURRENT_PROJECT_VERSION = 1;
				FRAMEWORK_SEARCH_PATHS = (
					"$(inherited)",
					"\"$(SRCROOT)\"",
				);
				GCC_PRECOMPILE_PREFIX_HEADER = YES;
				GCC_PREFIX_HEADER = "SBSSebastiaanSchool-Prefix.pch";
				GCC_VERSION = com.apple.compilers.llvm.clang.1_0;
				INFOPLIST_FILE = "SebastiaanSchool-Info.plist";
				IPHONEOS_DEPLOYMENT_TARGET = 6.0;
				LIBRARY_SEARCH_PATHS = (
					"$(inherited)",
					"\"$(SRCROOT)/TestFlightSDK1\"",
				);
				PRODUCT_NAME = "$(TARGET_NAME)";
				TARGETED_DEVICE_FAMILY = "1,2";
				VALIDATE_PRODUCT = YES;
				WRAPPER_EXTENSION = app;
			};
			name = Release;
		};
/* End XCBuildConfiguration section */

/* Begin XCConfigurationList section */
		09ABC06713A1D52D009C3FCF /* Build configuration list for PBXProject "SebastiaanSchool" */ = {
			isa = XCConfigurationList;
			buildConfigurations = (
				09ABC08C13A1D52E009C3FCF /* Debug */,
				09ABC08D13A1D52E009C3FCF /* Release */,
			);
			defaultConfigurationIsVisible = 0;
			defaultConfigurationName = Release;
		};
		09ABC08E13A1D52E009C3FCF /* Build configuration list for PBXNativeTarget "SebastiaanSchool" */ = {
			isa = XCConfigurationList;
			buildConfigurations = (
				09ABC08F13A1D52E009C3FCF /* Debug */,
				09ABC09013A1D52E009C3FCF /* Release */,
			);
			defaultConfigurationIsVisible = 0;
			defaultConfigurationName = Release;
		};
/* End XCConfigurationList section */
	};
	rootObject = 09ABC06413A1D52D009C3FCF /* Project object */;
}
